
Microsoft Visual Studio Solution File, Format Version 12.00
# Visual Studio Version 17
VisualStudioVersion = 17.3.32825.248
MinimumVisualStudioVersion = 10.0.40219.1
Project("{FAE04EC0-301F-11D3-BF4B-00C04F79EFBC}") = "BasicTraining", "BasicTraining\BasicTraining.csproj", "{9B52F507-0964-4E5C-A756-365DD90EFD63}"
EndProject
Project("{FAE04EC0-301F-11D3-BF4B-00C04F79EFBC}") = "Math", "Math\Math.csproj", "{3D7646C7-B342-4E32-A5DC-B2BEE5B1E0D6}"
EndProject
Project("{FAE04EC0-301F-11D3-BF4B-00C04F79EFBC}") = "Kareninuzunluklarınıhesaplama", "Kareninuzunluklarınıhesaplama\Kareninuzunluklarınıhesaplama.csproj", "{D43B684F-BC68-4FFC-8741-3053060652FF}"
EndProject
Global
	GlobalSection(SolutionConfigurationPlatforms) = preSolution
		Debug|Any CPU = Debug|Any CPU
		Release|Any CPU = Release|Any CPU
	EndGlobalSection
	GlobalSection(ProjectConfigurationPlatforms) = postSolution
		{9B52F507-0964-4E5C-A756-365DD90EFD63}.Debug|Any CPU.ActiveCfg = Debug|Any CPU
		{9B52F507-0964-4E5C-A756-365DD90EFD63}.Debug|Any CPU.Build.0 = Debug|Any CPU
		{9B52F507-0964-4E5C-A756-365DD90EFD63}.Release|Any CPU.ActiveCfg = Release|Any CPU
		{9B52F507-0964-4E5C-A756-365DD90EFD63}.Release|Any CPU.Build.0 = Release|Any CPU
		{3D7646C7-B342-4E32-A5DC-B2BEE5B1E0D6}.Debug|Any CPU.ActiveCfg = Debug|Any CPU
		{3D7646C7-B342-4E32-A5DC-B2BEE5B1E0D6}.Debug|Any CPU.Build.0 = Debug|Any CPU
		{3D7646C7-B342-4E32-A5DC-B2BEE5B1E0D6}.Release|Any CPU.ActiveCfg = Release|Any CPU
		{3D7646C7-B342-4E32-A5DC-B2BEE5B1E0D6}.Release|Any CPU.Build.0 = Release|Any CPU
		{D43B684F-BC68-4FFC-8741-3053060652FF}.Debug|Any CPU.ActiveCfg = Debug|Any CPU
		{D43B684F-BC68-4FFC-8741-3053060652FF}.Debug|Any CPU.Build.0 = Debug|Any CPU
		{D43B684F-BC68-4FFC-8741-3053060652FF}.Release|Any CPU.ActiveCfg = Release|Any CPU
		{D43B684F-BC68-4FFC-8741-3053060652FF}.Release|Any CPU.Build.0 = Release|Any CPU
	EndGlobalSection
	GlobalSection(SolutionProperties) = preSolution
		HideSolutionNode = FALSE
	EndGlobalSection
	GlobalSection(ExtensibilityGlobals) = postSolution
		SolutionGuid = {1E8BEFF8-C797-4680-A538-134BB5977564}
	EndGlobalSection
EndGlobal
